
Microsoft Visual Studio Solution File, Format Version 12.00
# Visual Studio Version 16
VisualStudioVersion = 16.0.31911.196
MinimumVisualStudioVersion = 10.0.40219.1
Project("{FAE04EC0-301F-11D3-BF4B-00C04F79EFBC}") = "QuickNotes", "QuickNotes.csproj", "{D1D15E0B-5EEC-47CC-B68C-CD02F9F5A6F6}"
EndProject
Global
	GlobalSection(SolutionConfigurationPlatforms) = preSolution
		Debug|Any CPU = Debug|Any CPU
		Release|Any CPU = Release|Any CPU
	EndGlobalSection
	GlobalSection(ProjectConfigurationPlatforms) = postSolution
		{D1D15E0B-5EEC-47CC-B68C-CD02F9F5A6F6}.Debug|Any CPU.ActiveCfg = Debug|Any CPU
		{D1D15E0B-5EEC-47CC-B68C-CD02F9F5A6F6}.Debug|Any CPU.Build.0 = Debug|Any CPU
		{D1D15E0B-5EEC-47CC-B68C-CD02F9F5A6F6}.Release|Any CPU.ActiveCfg = Release|Any CPU
		{D1D15E0B-5EEC-47CC-B68C-CD02F9F5A6F6}.Release|Any CPU.Build.0 = Release|Any CPU
	EndGlobalSection
	GlobalSection(SolutionProperties) = preSolution
		HideSolutionNode = FALSE
	EndGlobalSection
	GlobalSection(ExtensibilityGlobals) = postSolution
		SolutionGuid = {2D7F8213-6B0D-44B2-8E9F-FA533B45B046}
	EndGlobalSection
EndGlobal
